{
  "name": "@rbxts/RbxJsonStore",
  "version": "1.0.0",
  "lockfileVersion": 1,
  "requires": true,
  "dependencies": {
    "@rbxts/t": {
      "version": "1.2.7",
      "resolved": "https://registry.npmjs.org/@rbxts/t/-/t-1.2.7.tgz",
      "integrity": "sha512-Yw3oulfCZdYpxkE9xayB8uQNHXd7ZVIzrsobmYhpSUOHAAl7m4o0tD6yS0i9AxEHCykn9PyDOeivK70EUnaIqg==",
      "requires": {
        "@rbxts/types": "^1.0.317"
      }
    },
    "@rbxts/types": {
      "version": "1.0.318",
      "resolved": "https://registry.npmjs.org/@rbxts/types/-/types-1.0.318.tgz",
      "integrity": "sha512-T2JGc0eBVUDpJvt4u56UgHRHDsOFTASMdiZqptrqRO152PAUVhnbjMgVnDoXhwetiLSRi6/jVaRTv1r1ameo9A=="
    }
  }
}
